
Microsoft Visual Studio Solution File, Format Version 12.00
# Visual Studio Version 17
VisualStudioVersion = 17.4.33213.308
MinimumVisualStudioVersion = 10.0.40219.1
Project("{FAE04EC0-301F-11D3-BF4B-00C04F79EFBC}") = "21.02.2023", "21.02.2023\21.02.2023.csproj", "{08425C9F-9668-4500-82FE-603881E1CEDD}"
EndProject
Global
	GlobalSection(SolutionConfigurationPlatforms) = preSolution
		Debug|Any CPU = Debug|Any CPU
		Release|Any CPU = Release|Any CPU
	EndGlobalSection
	GlobalSection(ProjectConfigurationPlatforms) = postSolution
		{08425C9F-9668-4500-82FE-603881E1CEDD}.Debug|Any CPU.ActiveCfg = Debug|Any CPU
		{08425C9F-9668-4500-82FE-603881E1CEDD}.Debug|Any CPU.Build.0 = Debug|Any CPU
		{08425C9F-9668-4500-82FE-603881E1CEDD}.Release|Any CPU.ActiveCfg = Release|Any CPU
		{08425C9F-9668-4500-82FE-603881E1CEDD}.Release|Any CPU.Build.0 = Release|Any CPU
	EndGlobalSection
	GlobalSection(SolutionProperties) = preSolution
		HideSolutionNode = FALSE
	EndGlobalSection
	GlobalSection(ExtensibilityGlobals) = postSolution
		SolutionGuid = {6D99FC51-5227-496B-9EAA-E78C4D9229F1}
	EndGlobalSection
EndGlobal
